
Microsoft Visual Studio Solution File, Format Version 12.00
# Visual Studio Version 17
VisualStudioVersion = 17.2.32630.192
MinimumVisualStudioVersion = 10.0.40219.1
Project("{FAE04EC0-301F-11D3-BF4B-00C04F79EFBC}") = "Project1", "Project1\Project1.csproj", "{8C7D675A-16D0-4403-B6B1-9484D68D8ECD}"
EndProject
Global
	GlobalSection(SolutionConfigurationPlatforms) = preSolution
		Debug|Any CPU = Debug|Any CPU
		Release|Any CPU = Release|Any CPU
	EndGlobalSection
	GlobalSection(ProjectConfigurationPlatforms) = postSolution
		{8C7D675A-16D0-4403-B6B1-9484D68D8ECD}.Debug|Any CPU.ActiveCfg = Debug|Any CPU
		{8C7D675A-16D0-4403-B6B1-9484D68D8ECD}.Debug|Any CPU.Build.0 = Debug|Any CPU
		{8C7D675A-16D0-4403-B6B1-9484D68D8ECD}.Release|Any CPU.ActiveCfg = Release|Any CPU
		{8C7D675A-16D0-4403-B6B1-9484D68D8ECD}.Release|Any CPU.Build.0 = Release|Any CPU
	EndGlobalSection
	GlobalSection(SolutionProperties) = preSolution
		HideSolutionNode = FALSE
	EndGlobalSection
	GlobalSection(ExtensibilityGlobals) = postSolution
		SolutionGuid = {82DC2F04-18E1-470D-A95C-3C57FC244B41}
	EndGlobalSection
EndGlobal
